// !$*UTF8*$!
{
	archiveVersion = 1;
	classes = {
	};
	objectVersion = 46;
	objects = {

/* Begin PBXBuildFile section */
		583912711AA79FF00011FC66 /* ku4objc_temp.framework in Frameworks */ = {isa = PBXBuildFile; fileRef = 5839126F1AA79FF00011FC66 /* ku4objc_temp.framework */; };
		583912721AA79FF00011FC66 /* ku4objc_temp.framework in Embed Frameworks */ = {isa = PBXBuildFile; fileRef = 5839126F1AA79FF00011FC66 /* ku4objc_temp.framework */; settings = {ATTRIBUTES = (CodeSignOnCopy, RemoveHeadersOnCopy, ); }; };
		583912731AA79FF00011FC66 /* ku4objc_tempDependent.framework in Frameworks */ = {isa = PBXBuildFile; fileRef = 583912701AA79FF00011FC66 /* ku4objc_tempDependent.framework */; };
		583912741AA79FF00011FC66 /* ku4objc_tempDependent.framework in Embed Frameworks */ = {isa = PBXBuildFile; fileRef = 583912701AA79FF00011FC66 /* ku4objc_tempDependent.framework */; settings = {ATTRIBUTES = (CodeSignOnCopy, RemoveHeadersOnCopy, ); }; };
		58D1D5521A7E8C0A000C4BEC /* main.m in Sources */ = {isa = PBXBuildFile; fileRef = 58D1D5511A7E8C0A000C4BEC /* main.m */; };
		58D1D5551A7E8C0A000C4BEC /* AppDelegate.m in Sources */ = {isa = PBXBuildFile; fileRef = 58D1D5541A7E8C0A000C4BEC /* AppDelegate.m */; };
		58D1D5581A7E8C0A000C4BEC /* ku4objc_tempApp.xcdatamodeld in Sources */ = {isa = PBXBuildFile; fileRef = 58D1D5561A7E8C0A000C4BEC /* ku4objc_tempApp.xcdatamodeld */; };
		58D1D55B1A7E8C0A000C4BEC /* ViewController.m in Sources */ = {isa = PBXBuildFile; fileRef = 58D1D55A1A7E8C0A000C4BEC /* ViewController.m */; };
		58D1D55E1A7E8C0A000C4BEC /* Main.storyboard in Resources */ = {isa = PBXBuildFile; fileRef = 58D1D55C1A7E8C0A000C4BEC /* Main.storyboard */; };
		58D1D5601A7E8C0A000C4BEC /* Images.xcassets in Resources */ = {isa = PBXBuildFile; fileRef = 58D1D55F1A7E8C0A000C4BEC /* Images.xcassets */; };
		58D1D5631A7E8C0A000C4BEC /* LaunchScreen.xib in Resources */ = {isa = PBXBuildFile; fileRef = 58D1D5611A7E8C0A000C4BEC /* LaunchScreen.xib */; };
		58D1D56F1A7E8C0A000C4BEC /* ku4objc_tempAppTests.m in Sources */ = {isa = PBXBuildFile; fileRef = 58D1D56E1A7E8C0A000C4BEC /* ku4objc_tempAppTests.m */; };
/* End PBXBuildFile section */

/* Begin PBXContainerItemProxy section */
		58D1D5691A7E8C0A000C4BEC /* PBXContainerItemProxy */ = {
			isa = PBXContainerItemProxy;
			containerPortal = 58D1D5441A7E8C0A000C4BEC /* Project object */;
			proxyType = 1;
			remoteGlobalIDString = 58D1D54B1A7E8C0A000C4BEC;
			remoteInfo = ku4objc_tempApp;
		};
/* End PBXContainerItemProxy section */

/* Begin PBXCopyFilesBuildPhase section */
		58D1D5841A7E8ECA000C4BEC /* Embed Frameworks */ = {
			isa = PBXCopyFilesBuildPhase;
			buildActionMask = 2147483647;
			dstPath = "";
			dstSubfolderSpec = 10;
			files = (
				583912721AA79FF00011FC66 /* ku4objc_temp.framework in Embed Frameworks */,
				583912741AA79FF00011FC66 /* ku4objc_tempDependent.framework in Embed Frameworks */,
			);
			name = "Embed Frameworks";
			runOnlyForDeploymentPostprocessing = 0;
		};
/* End PBXCopyFilesBuildPhase section */

/* Begin PBXFileReference section */
		5839126F1AA79FF00011FC66 /* ku4objc_temp.framework */ = {isa = PBXFileReference; lastKnownFileType = wrapper.framework; name = ku4objc_temp.framework; path = lib/Release/ku4objc_temp.framework; sourceTree = "<group>"; };
		583912701AA79FF00011FC66 /* ku4objc_tempDependent.framework */ = {isa = PBXFileReference; lastKnownFileType = wrapper.framework; name = ku4objc_tempDependent.framework; path = lib/Release/ku4objc_tempDependent.framework; sourceTree = "<group>"; };
		58D1D54C1A7E8C0A000C4BEC /* ku4objc_tempApp.app */ = {isa = PBXFileReference; explicitFileType = wrapper.application; includeInIndex = 0; path = ku4objc_tempApp.app; sourceTree = BUILT_PRODUCTS_DIR; };
		58D1D5501A7E8C0A000C4BEC /* Info.plist */ = {isa = PBXFileReference; lastKnownFileType = text.plist.xml; path = Info.plist; sourceTree = "<group>"; };
		58D1D5511A7E8C0A000C4BEC /* main.m */ = {isa = PBXFileReference; lastKnownFileType = sourcecode.c.objc; path = main.m; sourceTree = "<group>"; };
		58D1D5531A7E8C0A000C4BEC /* AppDelegate.h */ = {isa = PBXFileReference; lastKnownFileType = sourcecode.c.h; path = AppDelegate.h; sourceTree = "<group>"; };
		58D1D5541A7E8C0A000C4BEC /* AppDelegate.m */ = {isa = PBXFileReference; lastKnownFileType = sourcecode.c.objc; path = AppDelegate.m; sourceTree = "<group>"; };
		58D1D5571A7E8C0A000C4BEC /* ku4objc_tempApp.xcdatamodel */ = {isa = PBXFileReference; lastKnownFileType = wrapper.xcdatamodel; path = ku4objc_tempApp.xcdatamodel; sourceTree = "<group>"; };
		58D1D5591A7E8C0A000C4BEC /* ViewController.h */ = {isa = PBXFileReference; lastKnownFileType = sourcecode.c.h; path = ViewController.h; sourceTree = "<group>"; };
		58D1D55A1A7E8C0A000C4BEC /* ViewController.m */ = {isa = PBXFileReference; lastKnownFileType = sourcecode.c.objc; path = ViewController.m; sourceTree = "<group>"; };
		58D1D55D1A7E8C0A000C4BEC /* Base */ = {isa = PBXFileReference; lastKnownFileType = file.storyboard; name = Base; path = Base.lproj/Main.storyboard; sourceTree = "<group>"; };
		58D1D55F1A7E8C0A000C4BEC /* Images.xcassets */ = {isa = PBXFileReference; lastKnownFileType = folder.assetcatalog; path = Images.xcassets; sourceTree = "<group>"; };
		58D1D5621A7E8C0A000C4BEC /* Base */ = {isa = PBXFileReference; lastKnownFileType = file.xib; name = Base; path = Base.lproj/LaunchScreen.xib; sourceTree = "<group>"; };
		58D1D5681A7E8C0A000C4BEC /* ku4objc_tempAppTests.xctest */ = {isa = PBXFileReference; explicitFileType = wrapper.cfbundle; includeInIndex = 0; path = ku4objc_tempAppTests.xctest; sourceTree = BUILT_PRODUCTS_DIR; };
		58D1D56D1A7E8C0A000C4BEC /* Info.plist */ = {isa = PBXFileReference; lastKnownFileType = text.plist.xml; path = Info.plist; sourceTree = "<group>"; };
		58D1D56E1A7E8C0A000C4BEC /* ku4objc_tempAppTests.m */ = {isa = PBXFileReference; lastKnownFileType = sourcecode.c.objc; path = ku4objc_tempAppTests.m; sourceTree = "<group>"; };
/* End PBXFileReference section */

/* Begin PBXFrameworksBuildPhase section */
		58D1D5491A7E8C0A000C4BEC /* Frameworks */ = {
			isa = PBXFrameworksBuildPhase;
			buildActionMask = 2147483647;
			files = (
				583912711AA79FF00011FC66 /* ku4objc_temp.framework in Frameworks */,
				583912731AA79FF00011FC66 /* ku4objc_tempDependent.framework in Frameworks */,
			);
			runOnlyForDeploymentPostprocessing = 0;
		};
		58D1D5651A7E8C0A000C4BEC /* Frameworks */ = {
			isa = PBXFrameworksBuildPhase;
			buildActionMask = 2147483647;
			files = (
			);
			runOnlyForDeploymentPostprocessing = 0;
		};
/* End PBXFrameworksBuildPhase section */

/* Begin PBXGroup section */
		58D1D5431A7E8C0A000C4BEC = {
			isa = PBXGroup;
			children = (
				5839126F1AA79FF00011FC66 /* ku4objc_temp.framework */,
				583912701AA79FF00011FC66 /* ku4objc_tempDependent.framework */,
				58D1D54E1A7E8C0A000C4BEC /* ku4objc_tempApp */,
				58D1D56B1A7E8C0A000C4BEC /* ku4objc_tempAppTests */,
				58D1D54D1A7E8C0A000C4BEC /* Products */,
			);
			sourceTree = "<group>";
		};
		58D1D54D1A7E8C0A000C4BEC /* Products */ = {
			isa = PBXGroup;
			children = (
				58D1D54C1A7E8C0A000C4BEC /* ku4objc_tempApp.app */,
				58D1D5681A7E8C0A000C4BEC /* ku4objc_tempAppTests.xctest */,
			);
			name = Products;
			sourceTree = "<group>";
		};
		58D1D54E1A7E8C0A000C4BEC /* ku4objc_tempApp */ = {
			isa = PBXGroup;
			children = (
				58D1D5531A7E8C0A000C4BEC /* AppDelegate.h */,
				58D1D5541A7E8C0A000C4BEC /* AppDelegate.m */,
				58D1D5591A7E8C0A000C4BEC /* ViewController.h */,
				58D1D55A1A7E8C0A000C4BEC /* ViewController.m */,
				58D1D55C1A7E8C0A000C4BEC /* Main.storyboard */,
				58D1D55F1A7E8C0A000C4BEC /* Images.xcassets */,
				58D1D5611A7E8C0A000C4BEC /* LaunchScreen.xib */,
				58D1D5561A7E8C0A000C4BEC /* ku4objc_tempApp.xcdatamodeld */,
				58D1D54F1A7E8C0A000C4BEC /* Supporting Files */,
			);
			path = ku4objc_tempApp;
			sourceTree = "<group>";
		};
		58D1D54F1A7E8C0A000C4BEC /* Supporting Files */ = {
			isa = PBXGroup;
			children = (
				58D1D5501A7E8C0A000C4BEC /* Info.plist */,
				58D1D5511A7E8C0A000C4BEC /* main.m */,
			);
			name = "Supporting Files";
			sourceTree = "<group>";
		};
		58D1D56B1A7E8C0A000C4BEC /* ku4objc_tempAppTests */ = {
			isa = PBXGroup;
			children = (
				58D1D56E1A7E8C0A000C4BEC /* ku4objc_tempAppTests.m */,
				58D1D56C1A7E8C0A000C4BEC /* Supporting Files */,
			);
			path = ku4objc_tempAppTests;
			sourceTree = "<group>";
		};
		58D1D56C1A7E8C0A000C4BEC /* Supporting Files */ = {
			isa = PBXGroup;
			children = (
				58D1D56D1A7E8C0A000C4BEC /* Info.plist */,
			);
			name = "Supporting Files";
			sourceTree = "<group>";
		};
/* End PBXGroup section */

/* Begin PBXNativeTarget section */
		58D1D54B1A7E8C0A000C4BEC /* ku4objc_tempApp */ = {
			isa = PBXNativeTarget;
			buildConfigurationList = 58D1D5721A7E8C0A000C4BEC /* Build configuration list for PBXNativeTarget "ku4objc_tempApp" */;
			buildPhases = (
				58D1D5481A7E8C0A000C4BEC /* Sources */,
				58D1D5491A7E8C0A000C4BEC /* Frameworks */,
				58D1D54A1A7E8C0A000C4BEC /* Resources */,
				58D1D5841A7E8ECA000C4BEC /* Embed Frameworks */,
			);
			buildRules = (
			);
			dependencies = (
			);
			name = ku4objc_tempApp;
			productName = ku4objc_tempApp;
			productReference = 58D1D54C1A7E8C0A000C4BEC /* ku4objc_tempApp.app */;
			productType = "com.apple.product-type.application";
		};
		58D1D5671A7E8C0A000C4BEC /* ku4objc_tempAppTests */ = {
			isa = PBXNativeTarget;
			buildConfigurationList = 58D1D5751A7E8C0A000C4BEC /* Build configuration list for PBXNativeTarget "ku4objc_tempAppTests" */;
			buildPhases = (
				58D1D5641A7E8C0A000C4BEC /* Sources */,
				58D1D5651A7E8C0A000C4BEC /* Frameworks */,
				58D1D5661A7E8C0A000C4BEC /* Resources */,
			);
			buildRules = (
			);
			dependencies = (
				58D1D56A1A7E8C0A000C4BEC /* PBXTargetDependency */,
			);
			name = ku4objc_tempAppTests;
			productName = ku4objc_tempAppTests;
			productReference = 58D1D5681A7E8C0A000C4BEC /* ku4objc_tempAppTests.xctest */;
			productType = "com.apple.product-type.bundle.unit-test";
		};
/* End PBXNativeTarget section */

/* Begin PBXProject section */
		58D1D5441A7E8C0A000C4BEC /* Project object */ = {
			isa = PBXProject;
			attributes = {
				LastUpgradeCheck = 0610;
				ORGANIZATIONNAME = kodmunki;
				TargetAttributes = {
					58D1D54B1A7E8C0A000C4BEC = {
						CreatedOnToolsVersion = 6.1.1;
					};
					58D1D5671A7E8C0A000C4BEC = {
						CreatedOnToolsVersion = 6.1.1;
						TestTargetID = 58D1D54B1A7E8C0A000C4BEC;
					};
				};
			};
			buildConfigurationList = 58D1D5471A7E8C0A000C4BEC /* Build configuration list for PBXProject "ku4objc_tempApp" */;
			compatibilityVersion = "Xcode 3.2";
			developmentRegion = English;
			hasScannedForEncodings = 0;
			knownRegions = (
				en,
				Base,
			);
			mainGroup = 58D1D5431A7E8C0A000C4BEC;
			productRefGroup = 58D1D54D1A7E8C0A000C4BEC /* Products */;
			projectDirPath = "";
			projectRoot = "";
			targets = (
				58D1D54B1A7E8C0A000C4BEC /* ku4objc_tempApp */,
				58D1D5671A7E8C0A000C4BEC /* ku4objc_tempAppTests */,
			);
		};
/* End PBXProject section */

/* Begin PBXResourcesBuildPhase section */
		58D1D54A1A7E8C0A000C4BEC /* Resources */ = {
			isa = PBXResourcesBuildPhase;
			buildActionMask = 2147483647;
			files = (
				58D1D55E1A7E8C0A000C4BEC /* Main.storyboard in Resources */,
				58D1D5631A7E8C0A000C4BEC /* LaunchScreen.xib in Resources */,
				58D1D5601A7E8C0A000C4BEC /* Images.xcassets in Resources */,
			);
			runOnlyForDeploymentPostprocessing = 0;
		};
		58D1D5661A7E8C0A000C4BEC /* Resources */ = {
			isa = PBXResourcesBuildPhase;
			buildActionMask = 2147483647;
			files = (
			);
			runOnlyForDeploymentPostprocessing = 0;
		};
/* End PBXResourcesBuildPhase section */

/* Begin PBXSourcesBuildPhase section */
		58D1D5481A7E8C0A000C4BEC /* Sources */ = {
			isa = PBXSourcesBuildPhase;
			buildActionMask = 2147483647;
			files = (
				58D1D5551A7E8C0A000C4BEC /* AppDelegate.m in Sources */,
				58D1D5521A7E8C0A000C4BEC /* main.m in Sources */,
				58D1D55B1A7E8C0A000C4BEC /* ViewController.m in Sources */,
				58D1D5581A7E8C0A000C4BEC /* ku4objc_tempApp.xcdatamodeld in Sources */,
			);
			runOnlyForDeploymentPostprocessing = 0;
		};
		58D1D5641A7E8C0A000C4BEC /* Sources */ = {
			isa = PBXSourcesBuildPhase;
			buildActionMask = 2147483647;
			files = (
				58D1D56F1A7E8C0A000C4BEC /* ku4objc_tempAppTests.m in Sources */,
			);
			runOnlyForDeploymentPostprocessing = 0;
		};
/* End PBXSourcesBuildPhase section */

/* Begin PBXTargetDependency section */
		58D1D56A1A7E8C0A000C4BEC /* PBXTargetDependency */ = {
			isa = PBXTargetDependency;
			target = 58D1D54B1A7E8C0A000C4BEC /* ku4objc_tempApp */;
			targetProxy = 58D1D5691A7E8C0A000C4BEC /* PBXContainerItemProxy */;
		};
/* End PBXTargetDependency section */

/* Begin PBXVariantGroup section */
		58D1D55C1A7E8C0A000C4BEC /* Main.storyboard */ = {
			isa = PBXVariantGroup;
			children = (
				58D1D55D1A7E8C0A000C4BEC /* Base */,
			);
			name = Main.storyboard;
			sourceTree = "<group>";
		};
		58D1D5611A7E8C0A000C4BEC /* LaunchScreen.xib */ = {
			isa = PBXVariantGroup;
			children = (
				58D1D5621A7E8C0A000C4BEC /* Base */,
			);
			name = LaunchScreen.xib;
			sourceTree = "<group>";
		};
/* End PBXVariantGroup section */

/* Begin XCBuildConfiguration section */
		58D1D5701A7E8C0A000C4BEC /* Debug */ = {
			isa = XCBuildConfiguration;
			buildSettings = {
				ALWAYS_SEARCH_USER_PATHS = NO;
				CLANG_CXX_LANGUAGE_STANDARD = "gnu++0x";
				CLANG_CXX_LIBRARY = "libc++";
				CLANG_ENABLE_MODULES = YES;
				CLANG_ENABLE_OBJC_ARC = YES;
				CLANG_WARN_BOOL_CONVERSION = YES;
				CLANG_WARN_CONSTANT_CONVERSION = YES;
				CLANG_WARN_DIRECT_OBJC_ISA_USAGE = YES_ERROR;
				CLANG_WARN_EMPTY_BODY = YES;
				CLANG_WARN_ENUM_CONVERSION = YES;
				CLANG_WARN_INT_CONVERSION = YES;
				CLANG_WARN_OBJC_ROOT_CLASS = YES_ERROR;
				CLANG_WARN_UNREACHABLE_CODE = YES;
				CLANG_WARN__DUPLICATE_METHOD_MATCH = YES;
				"CODE_SIGN_IDENTITY[sdk=iphoneos*]" = "iPhone Developer";
				COPY_PHASE_STRIP = NO;
				ENABLE_STRICT_OBJC_MSGSEND = YES;
				GCC_C_LANGUAGE_STANDARD = gnu99;
				GCC_DYNAMIC_NO_PIC = NO;
				GCC_OPTIMIZATION_LEVEL = 0;
				GCC_PREPROCESSOR_DEFINITIONS = (
					"DEBUG=1",
					"$(inherited)",
				);
				GCC_SYMBOLS_PRIVATE_EXTERN = NO;
				GCC_WARN_64_TO_32_BIT_CONVERSION = YES;
				GCC_WARN_ABOUT_RETURN_TYPE = YES_ERROR;
				GCC_WARN_UNDECLARED_SELECTOR = YES;
				GCC_WARN_UNINITIALIZED_AUTOS = YES_AGGRESSIVE;
				GCC_WARN_UNUSED_FUNCTION = YES;
				GCC_WARN_UNUSED_VARIABLE = YES;
				IPHONEOS_DEPLOYMENT_TARGET = 8.1;
				MTL_ENABLE_DEBUG_INFO = YES;
				ONLY_ACTIVE_ARCH = YES;
				SDKROOT = iphoneos;
			};
			name = Debug;
		};
		58D1D5711A7E8C0A000C4BEC /* Release */ = {
			isa = XCBuildConfiguration;
			buildSettings = {
				ALWAYS_SEARCH_USER_PATHS = NO;
				CLANG_CXX_LANGUAGE_STANDARD = "gnu++0x";
				CLANG_CXX_LIBRARY = "libc++";
				CLANG_ENABLE_MODULES = YES;
				CLANG_ENABLE_OBJC_ARC = YES;
				CLANG_WARN_BOOL_CONVERSION = YES;
				CLANG_WARN_CONSTANT_CONVERSION = YES;
				CLANG_WARN_DIRECT_OBJC_ISA_USAGE = YES_ERROR;
				CLANG_WARN_EMPTY_BODY = YES;
				CLANG_WARN_ENUM_CONVERSION = YES;
				CLANG_WARN_INT_CONVERSION = YES;
				CLANG_WARN_OBJC_ROOT_CLASS = YES_ERROR;
				CLANG_WARN_UNREACHABLE_CODE = YES;
				CLANG_WARN__DUPLICATE_METHOD_MATCH = YES;
				"CODE_SIGN_IDENTITY[sdk=iphoneos*]" = "iPhone Developer";
				COPY_PHASE_STRIP = YES;
				ENABLE_NS_ASSERTIONS = NO;
				ENABLE_STRICT_OBJC_MSGSEND = YES;
				GCC_C_LANGUAGE_STANDARD = gnu99;
				GCC_WARN_64_TO_32_BIT_CONVERSION = YES;
				GCC_WARN_ABOUT_RETURN_TYPE = YES_ERROR;
				GCC_WARN_UNDECLARED_SELECTOR = YES;
				GCC_WARN_UNINITIALIZED_AUTOS = YES_AGGRESSIVE;
				GCC_WARN_UNUSED_FUNCTION = YES;
				GCC_WARN_UNUSED_VARIABLE = YES;
				IPHONEOS_DEPLOYMENT_TARGET = 8.1;
				MTL_ENABLE_DEBUG_INFO = NO;
				SDKROOT = iphoneos;
				VALIDATE_PRODUCT = YES;
			};
			name = Release;
		};
		58D1D5731A7E8C0A000C4BEC /* Debug */ = {
			isa = XCBuildConfiguration;
			buildSettings = {
				ALWAYS_SEARCH_USER_PATHS = YES;
				ASSETCATALOG_COMPILER_APPICON_NAME = AppIcon;
				FRAMEWORK_SEARCH_PATHS = "$(PROJECT_DIR)/lib/$(CONFIGURATION)";
				INFOPLIST_FILE = ku4objc_tempApp/Info.plist;
				LD_RUNPATH_SEARCH_PATHS = "$(inherited) @executable_path/Frameworks $(PROJECT_DIR)/lib/$(CONFIGURATION)";
				PRODUCT_NAME = "$(TARGET_NAME)";
			};
			name = Debug;
		};
		58D1D5741A7E8C0A000C4BEC /* Release */ = {
			isa = XCBuildConfiguration;
			buildSettings = {
				ALWAYS_SEARCH_USER_PATHS = YES;
				ASSETCATALOG_COMPILER_APPICON_NAME = AppIcon;
				FRAMEWORK_SEARCH_PATHS = "$(PROJECT_DIR)/lib/$(CONFIGURATION)";
				INFOPLIST_FILE = ku4objc_tempApp/Info.plist;
				LD_RUNPATH_SEARCH_PATHS = "$(inherited) @executable_path/Frameworks $(PROJECT_DIR)/lib/$(CONFIGURATION)";
				PRODUCT_NAME = "$(TARGET_NAME)";
			};
			name = Release;
		};
		58D1D5761A7E8C0A000C4BEC /* Debug */ = {
			isa = XCBuildConfiguration;
			buildSettings = {
				BUNDLE_LOADER = "$(TEST_HOST)";
				FRAMEWORK_SEARCH_PATHS = (
					"$(SDKROOT)/Developer/Library/Frameworks",
					"$(inherited)",
					"$(PROJECT_DIR)/lib/$(CONFIGURATION)",
				);
				GCC_PREPROCESSOR_DEFINITIONS = (
					"DEBUG=1",
					"$(inherited)",
				);
				INFOPLIST_FILE = ku4objc_tempAppTests/Info.plist;
				LD_RUNPATH_SEARCH_PATHS = "$(inherited) @executable_path/Frameworks @loader_path/Frameworks $(PROJECT_DIR)/lib/$(CONFIGURATION)";
				PRODUCT_NAME = "$(TARGET_NAME)";
				TEST_HOST = "$(BUILT_PRODUCTS_DIR)/ku4objc_tempApp.app/ku4objc_tempApp";
			};
			name = Debug;
		};
		58D1D5771A7E8C0A000C4BEC /* Release */ = {
			isa = XCBuildConfiguration;
			buildSettings = {
				BUNDLE_LOADER = "$(TEST_HOST)";
				FRAMEWORK_SEARCH_PATHS = (
					"$(SDKROOT)/Developer/Library/Frameworks",
					"$(inherited)",
					"$(PROJECT_DIR)/lib/$(CONFIGURATION)",
				);
				INFOPLIST_FILE = ku4objc_tempAppTests/Info.plist;
				LD_RUNPATH_SEARCH_PATHS = "$(inherited) @executable_path/Frameworks @loader_path/Frameworks $(PROJECT_DIR)/lib/$(CONFIGURATION)";
				PRODUCT_NAME = "$(TARGET_NAME)";
				TEST_HOST = "$(BUILT_PRODUCTS_DIR)/ku4objc_tempApp.app/ku4objc_tempApp";
			};
			name = Release;
		};
/* End XCBuildConfiguration section */

/* Begin XCConfigurationList section */
		58D1D5471A7E8C0A000C4BEC /* Build configuration list for PBXProject "ku4objc_tempApp" */ = {
			isa = XCConfigurationList;
			buildConfigurations = (
				58D1D5701A7E8C0A000C4BEC /* Debug */,
				58D1D5711A7E8C0A000C4BEC /* Release */,
			);
			defaultConfigurationIsVisible = 0;
			defaultConfigurationName = Release;
		};
		58D1D5721A7E8C0A000C4BEC /* Build configuration list for PBXNativeTarget "ku4objc_tempApp" */ = {
			isa = XCConfigurationList;
			buildConfigurations = (
				58D1D5731A7E8C0A000C4BEC /* Debug */,
				58D1D5741A7E8C0A000C4BEC /* Release */,
			);
			defaultConfigurationIsVisible = 0;
			defaultConfigurationName = Release;
		};
		58D1D5751A7E8C0A000C4BEC /* Build configuration list for PBXNativeTarget "ku4objc_tempAppTests" */ = {
			isa = XCConfigurationList;
			buildConfigurations = (
				58D1D5761A7E8C0A000C4BEC /* Debug */,
				58D1D5771A7E8C0A000C4BEC /* Release */,
			);
			defaultConfigurationIsVisible = 0;
			defaultConfigurationName = Release;
		};
/* End XCConfigurationList section */

/* Begin XCVersionGroup section */
		58D1D5561A7E8C0A000C4BEC /* ku4objc_tempApp.xcdatamodeld */ = {
			isa = XCVersionGroup;
			children = (
				58D1D5571A7E8C0A000C4BEC /* ku4objc_tempApp.xcdatamodel */,
			);
			currentVersion = 58D1D5571A7E8C0A000C4BEC /* ku4objc_tempApp.xcdatamodel */;
			path = ku4objc_tempApp.xcdatamodeld;
			sourceTree = "<group>";
			versionGroupType = wrapper.xcdatamodel;
		};
/* End XCVersionGroup section */
	};
	rootObject = 58D1D5441A7E8C0A000C4BEC /* Project object */;
}
